
Microsoft Visual Studio Solution File, Format Version 12.00
# Visual Studio 15
Project("{FAE04EC0-301F-11D3-BF4B-00C04F79EFBC}") = "Assembly-CSharp", "Assembly-CSharp.csproj", "{F16956B5-5881-D5F6-EA8A-FBC1962E56CD}"
EndProject
Project("{FAE04EC0-301F-11D3-BF4B-00C04F79EFBC}") = "Unity.RenderPipelines.Core.Samples.Editor", "Unity.RenderPipelines.Core.Samples.Editor.csproj", "{515C733D-2ADB-2C18-E08E-297794584A73}"
EndProject
Project("{FAE04EC0-301F-11D3-BF4B-00C04F79EFBC}") = "Unity.RenderPipelines.Core.Samples.Runtime", "Unity.RenderPipelines.Core.Samples.Runtime.csproj", "{9672AAEC-00B9-3531-00C6-536DB6456046}"
EndProject
Project("{FAE04EC0-301F-11D3-BF4B-00C04F79EFBC}") = "Assembly-CSharp-Editor", "Assembly-CSharp-Editor.csproj", "{3BF1BEC7-1716-2FE6-0B93-E3C3DD61B6FD}"
EndProject
Global
	GlobalSection(SolutionConfigurationPlatforms) = preSolution
		Debug|Any CPU = Debug|Any CPU
		Release|Any CPU = Release|Any CPU
	EndGlobalSection
	GlobalSection(ProjectConfigurationPlatforms) = postSolution
		{F16956B5-5881-D5F6-EA8A-FBC1962E56CD}.Debug|Any CPU.ActiveCfg = Debug|Any CPU
		{F16956B5-5881-D5F6-EA8A-FBC1962E56CD}.Debug|Any CPU.Build.0 = Debug|Any CPU
		{F16956B5-5881-D5F6-EA8A-FBC1962E56CD}.Release|Any CPU.ActiveCfg = Release|Any CPU
		{F16956B5-5881-D5F6-EA8A-FBC1962E56CD}.Release|Any CPU.Build.0 = Release|Any CPU
		{515C733D-2ADB-2C18-E08E-297794584A73}.Debug|Any CPU.ActiveCfg = Debug|Any CPU
		{515C733D-2ADB-2C18-E08E-297794584A73}.Debug|Any CPU.Build.0 = Debug|Any CPU
		{515C733D-2ADB-2C18-E08E-297794584A73}.Release|Any CPU.ActiveCfg = Release|Any CPU
		{515C733D-2ADB-2C18-E08E-297794584A73}.Release|Any CPU.Build.0 = Release|Any CPU
		{9672AAEC-00B9-3531-00C6-536DB6456046}.Debug|Any CPU.ActiveCfg = Debug|Any CPU
		{9672AAEC-00B9-3531-00C6-536DB6456046}.Debug|Any CPU.Build.0 = Debug|Any CPU
		{9672AAEC-00B9-3531-00C6-536DB6456046}.Release|Any CPU.ActiveCfg = Release|Any CPU
		{9672AAEC-00B9-3531-00C6-536DB6456046}.Release|Any CPU.Build.0 = Release|Any CPU
		{3BF1BEC7-1716-2FE6-0B93-E3C3DD61B6FD}.Debug|Any CPU.ActiveCfg = Debug|Any CPU
		{3BF1BEC7-1716-2FE6-0B93-E3C3DD61B6FD}.Debug|Any CPU.Build.0 = Debug|Any CPU
		{3BF1BEC7-1716-2FE6-0B93-E3C3DD61B6FD}.Release|Any CPU.ActiveCfg = Release|Any CPU
		{3BF1BEC7-1716-2FE6-0B93-E3C3DD61B6FD}.Release|Any CPU.Build.0 = Release|Any CPU
	EndGlobalSection
	GlobalSection(SolutionProperties) = preSolution
		HideSolutionNode = FALSE
	EndGlobalSection
EndGlobal
