
Microsoft Visual Studio Solution File, Format Version 12.00
# Visual Studio 15
Project("{FAE04EC0-301F-11D3-BF4B-00C04F79EFBC}") = "Assembly-CSharp", "Assembly-CSharp.csproj", "{3263A6E8-CA74-8E11-1C18-93BF4B85C8FB}"
EndProject
Project("{FAE04EC0-301F-11D3-BF4B-00C04F79EFBC}") = "Unity.RenderPipelines.Core.Samples.Editor", "Unity.RenderPipelines.Core.Samples.Editor.csproj", "{933264BB-143F-A2BF-CF34-26206A729959}"
EndProject
Project("{FAE04EC0-301F-11D3-BF4B-00C04F79EFBC}") = "Unity.RenderPipelines.Core.Samples.Runtime", "Unity.RenderPipelines.Core.Samples.Runtime.csproj", "{27A8781E-622A-E797-4285-EDDA4C562110}"
EndProject
Project("{FAE04EC0-301F-11D3-BF4B-00C04F79EFBC}") = "Assembly-CSharp-Editor", "Assembly-CSharp-Editor.csproj", "{32029657-959F-A4DC-4EB3-4CA784692B13}"
EndProject
Global
	GlobalSection(SolutionConfigurationPlatforms) = preSolution
		Debug|Any CPU = Debug|Any CPU
		Release|Any CPU = Release|Any CPU
	EndGlobalSection
	GlobalSection(ProjectConfigurationPlatforms) = postSolution
		{3263A6E8-CA74-8E11-1C18-93BF4B85C8FB}.Debug|Any CPU.ActiveCfg = Debug|Any CPU
		{3263A6E8-CA74-8E11-1C18-93BF4B85C8FB}.Debug|Any CPU.Build.0 = Debug|Any CPU
		{3263A6E8-CA74-8E11-1C18-93BF4B85C8FB}.Release|Any CPU.ActiveCfg = Release|Any CPU
		{3263A6E8-CA74-8E11-1C18-93BF4B85C8FB}.Release|Any CPU.Build.0 = Release|Any CPU
		{933264BB-143F-A2BF-CF34-26206A729959}.Debug|Any CPU.ActiveCfg = Debug|Any CPU
		{933264BB-143F-A2BF-CF34-26206A729959}.Debug|Any CPU.Build.0 = Debug|Any CPU
		{933264BB-143F-A2BF-CF34-26206A729959}.Release|Any CPU.ActiveCfg = Release|Any CPU
		{933264BB-143F-A2BF-CF34-26206A729959}.Release|Any CPU.Build.0 = Release|Any CPU
		{27A8781E-622A-E797-4285-EDDA4C562110}.Debug|Any CPU.ActiveCfg = Debug|Any CPU
		{27A8781E-622A-E797-4285-EDDA4C562110}.Debug|Any CPU.Build.0 = Debug|Any CPU
		{27A8781E-622A-E797-4285-EDDA4C562110}.Release|Any CPU.ActiveCfg = Release|Any CPU
		{27A8781E-622A-E797-4285-EDDA4C562110}.Release|Any CPU.Build.0 = Release|Any CPU
		{32029657-959F-A4DC-4EB3-4CA784692B13}.Debug|Any CPU.ActiveCfg = Debug|Any CPU
		{32029657-959F-A4DC-4EB3-4CA784692B13}.Debug|Any CPU.Build.0 = Debug|Any CPU
		{32029657-959F-A4DC-4EB3-4CA784692B13}.Release|Any CPU.ActiveCfg = Release|Any CPU
		{32029657-959F-A4DC-4EB3-4CA784692B13}.Release|Any CPU.Build.0 = Release|Any CPU
	EndGlobalSection
	GlobalSection(SolutionProperties) = preSolution
		HideSolutionNode = FALSE
	EndGlobalSection
EndGlobal
